
Microsoft Visual Studio Solution File, Format Version 12.00
# Visual Studio 15
VisualStudioVersion = 15.0.28307.168
MinimumVisualStudioVersion = 10.0.40219.1
Project("{FAE04EC0-301F-11D3-BF4B-00C04F79EFBC}") = "Mp3 Player", "Mp3 Player\Mp3 Player.csproj", "{4AD0DB21-8C25-45D8-A231-4D5F66035179}"
EndProject
Global
	GlobalSection(SolutionConfigurationPlatforms) = preSolution
		Debug|Any CPU = Debug|Any CPU
		Release|Any CPU = Release|Any CPU
	EndGlobalSection
	GlobalSection(ProjectConfigurationPlatforms) = postSolution
		{4AD0DB21-8C25-45D8-A231-4D5F66035179}.Debug|Any CPU.ActiveCfg = Debug|Any CPU
		{4AD0DB21-8C25-45D8-A231-4D5F66035179}.Debug|Any CPU.Build.0 = Debug|Any CPU
		{4AD0DB21-8C25-45D8-A231-4D5F66035179}.Release|Any CPU.ActiveCfg = Release|Any CPU
		{4AD0DB21-8C25-45D8-A231-4D5F66035179}.Release|Any CPU.Build.0 = Release|Any CPU
	EndGlobalSection
	GlobalSection(SolutionProperties) = preSolution
		HideSolutionNode = FALSE
	EndGlobalSection
	GlobalSection(ExtensibilityGlobals) = postSolution
		SolutionGuid = {AF9648D8-6B00-4509-83E8-670838BCAACD}
	EndGlobalSection
EndGlobal
